
Microsoft Visual Studio Solution File, Format Version 12.00
# Visual Studio Version 16
VisualStudioVersion = 16.0.30225.117
MinimumVisualStudioVersion = 10.0.40219.1
Project("{FAE04EC0-301F-11D3-BF4B-00C04F79EFBC}") = "ErganhE7", "ErganhE7\ErganhE7.csproj", "{F7A77312-05F1-46E8-A261-304611A725DC}"
EndProject
Global
	GlobalSection(SolutionConfigurationPlatforms) = preSolution
		Debug|Any CPU = Debug|Any CPU
		Release|Any CPU = Release|Any CPU
	EndGlobalSection
	GlobalSection(ProjectConfigurationPlatforms) = postSolution
		{F7A77312-05F1-46E8-A261-304611A725DC}.Debug|Any CPU.ActiveCfg = Debug|Any CPU
		{F7A77312-05F1-46E8-A261-304611A725DC}.Debug|Any CPU.Build.0 = Debug|Any CPU
		{F7A77312-05F1-46E8-A261-304611A725DC}.Release|Any CPU.ActiveCfg = Release|Any CPU
		{F7A77312-05F1-46E8-A261-304611A725DC}.Release|Any CPU.Build.0 = Release|Any CPU
	EndGlobalSection
	GlobalSection(SolutionProperties) = preSolution
		HideSolutionNode = FALSE
	EndGlobalSection
	GlobalSection(ExtensibilityGlobals) = postSolution
		SolutionGuid = {21E0298A-4070-4F2B-BB39-3F5243144053}
	EndGlobalSection
EndGlobal
